
Microsoft Visual Studio Solution File, Format Version 12.00
# Visual Studio Version 16
VisualStudioVersion = 16.0.31129.286
MinimumVisualStudioVersion = 10.0.40219.1
Project("{FAE04EC0-301F-11D3-BF4B-00C04F79EFBC}") = "Lab01", "Lab01\Lab01.csproj", "{78A91826-C123-4A79-A427-936A1E732993}"
EndProject
Project("{FAE04EC0-301F-11D3-BF4B-00C04F79EFBC}") = "Lab02", "Lab02\Lab02.csproj", "{06DC85A4-E09D-4764-BFD9-B1E051965088}"
EndProject
Project("{FAE04EC0-301F-11D3-BF4B-00C04F79EFBC}") = "Lab03GrillaASP", "Lab03GrillaASP\Lab03GrillaASP.csproj", "{0B87E579-A617-48D6-93F3-3F2903FC1CC2}"
EndProject
Project("{FAE04EC0-301F-11D3-BF4B-00C04F79EFBC}") = "Lab03Negocio", "Lab03Negocio\Lab03Negocio.csproj", "{AE4D6727-6A37-43B8-B122-6DE483EDB2FA}"
EndProject
Project("{FAE04EC0-301F-11D3-BF4B-00C04F79EFBC}") = "Lab05", "Lab05\Lab05.csproj", "{CC5A20BB-1BA3-415F-A505-8D747AD5D3E9}"
EndProject
Global
	GlobalSection(SolutionConfigurationPlatforms) = preSolution
		Debug|Any CPU = Debug|Any CPU
		Release|Any CPU = Release|Any CPU
	EndGlobalSection
	GlobalSection(ProjectConfigurationPlatforms) = postSolution
		{78A91826-C123-4A79-A427-936A1E732993}.Debug|Any CPU.ActiveCfg = Debug|Any CPU
		{78A91826-C123-4A79-A427-936A1E732993}.Debug|Any CPU.Build.0 = Debug|Any CPU
		{78A91826-C123-4A79-A427-936A1E732993}.Release|Any CPU.ActiveCfg = Release|Any CPU
		{78A91826-C123-4A79-A427-936A1E732993}.Release|Any CPU.Build.0 = Release|Any CPU
		{06DC85A4-E09D-4764-BFD9-B1E051965088}.Debug|Any CPU.ActiveCfg = Debug|Any CPU
		{06DC85A4-E09D-4764-BFD9-B1E051965088}.Debug|Any CPU.Build.0 = Debug|Any CPU
		{06DC85A4-E09D-4764-BFD9-B1E051965088}.Release|Any CPU.ActiveCfg = Release|Any CPU
		{06DC85A4-E09D-4764-BFD9-B1E051965088}.Release|Any CPU.Build.0 = Release|Any CPU
		{0B87E579-A617-48D6-93F3-3F2903FC1CC2}.Debug|Any CPU.ActiveCfg = Debug|Any CPU
		{0B87E579-A617-48D6-93F3-3F2903FC1CC2}.Debug|Any CPU.Build.0 = Debug|Any CPU
		{0B87E579-A617-48D6-93F3-3F2903FC1CC2}.Release|Any CPU.ActiveCfg = Release|Any CPU
		{0B87E579-A617-48D6-93F3-3F2903FC1CC2}.Release|Any CPU.Build.0 = Release|Any CPU
		{AE4D6727-6A37-43B8-B122-6DE483EDB2FA}.Debug|Any CPU.ActiveCfg = Debug|Any CPU
		{AE4D6727-6A37-43B8-B122-6DE483EDB2FA}.Debug|Any CPU.Build.0 = Debug|Any CPU
		{AE4D6727-6A37-43B8-B122-6DE483EDB2FA}.Release|Any CPU.ActiveCfg = Release|Any CPU
		{AE4D6727-6A37-43B8-B122-6DE483EDB2FA}.Release|Any CPU.Build.0 = Release|Any CPU
		{CC5A20BB-1BA3-415F-A505-8D747AD5D3E9}.Debug|Any CPU.ActiveCfg = Debug|Any CPU
		{CC5A20BB-1BA3-415F-A505-8D747AD5D3E9}.Debug|Any CPU.Build.0 = Debug|Any CPU
		{CC5A20BB-1BA3-415F-A505-8D747AD5D3E9}.Release|Any CPU.ActiveCfg = Release|Any CPU
		{CC5A20BB-1BA3-415F-A505-8D747AD5D3E9}.Release|Any CPU.Build.0 = Release|Any CPU
	EndGlobalSection
	GlobalSection(SolutionProperties) = preSolution
		HideSolutionNode = FALSE
	EndGlobalSection
	GlobalSection(ExtensibilityGlobals) = postSolution
		SolutionGuid = {0C72521E-E534-435E-90D0-AE2798CF523D}
	EndGlobalSection
EndGlobal
